# Vestigium YARA rule lock (format 1) - generated, but versioned in git.
# Written by the rule builder after every successful build (unless only the
# 'generated' line would change). Reproduce this exact build with:
#   Linux:   sudo ./vestigium.sh setup --rules-locked
#   Windows: .\vestigium.ps1 setup -Locked
# Format: "key = value" lines under [lock], [source <name>] (in precedence
# order), [custom], [exclusions] and [bundle]. See docs/YARA-RULES.md.

[lock]
format = 1
generated = 2026-09-14T08:57:44Z
builder = build-yara-rules.py (Linux)
yara = 4.5.0

[source signature-base]
url = https://github.com/Neo23x0/signature-base.git
ref =
commit = 94a1c48d7ab499879287ff611dfe7f9c56376030
commit_date = 2026-09-08T09:50:49+02:00

[source rules]
url = https://github.com/Yara-Rules/rules.git
ref =
commit = 0f93570194a80d2f2032869055808b0ddcdfb360
commit_date = 2022-04-12T17:53:58Z

[custom]
files = 0
sha256 = e3b0c44298fc1c149afbf4c8996fb92427ae41e4649b934ca495991b7852b855

[exclusions]
sha256 = 97ee3fd960297bb5903fc001cba6edc9243b520c9e3bd0e2ac49454d96ac2b9f
files_excluded = 0
rules_suppressed = 0

[bundle]
file = active-rules.yar
sha256 = 6195c3c09bfcd0df6dc6abf40d9b5b81c4482a5e379ace4258a95354b812335d
rules = 15690
rules_reporting = 15667
files_accepted = 1092
files_skipped = 139
